// !$*UTF8*$!
{
	archiveVersion = 1;
	classes = {
	};
	objectVersion = 55;
	objects = {

/* Begin PBXBuildFile section */
		D423C06027E37E62005FD16F /* AppDelegate.swift in Sources */ = {isa = PBXBuildFile; fileRef = D423C05F27E37E62005FD16F /* AppDelegate.swift */; };
		D423C06227E37E62005FD16F /* SceneDelegate.swift in Sources */ = {isa = PBXBuildFile; fileRef = D423C06127E37E62005FD16F /* SceneDelegate.swift */; };
		D423C06427E37E62005FD16F /* ViewController.swift in Sources */ = {isa = PBXBuildFile; fileRef = D423C06327E37E62005FD16F /* ViewController.swift */; };
		D423C06727E37E62005FD16F /* Main.storyboard in Resources */ = {isa = PBXBuildFile; fileRef = D423C06527E37E62005FD16F /* Main.storyboard */; };
		D423C06927E37E63005FD16F /* Assets.xcassets in Resources */ = {isa = PBXBuildFile; fileRef = D423C06827E37E63005FD16F /* Assets.xcassets */; };
		D423C06C27E37E63005FD16F /* LaunchScreen.storyboard in Resources */ = {isa = PBXBuildFile; fileRef = D423C06A27E37E63005FD16F /* LaunchScreen.storyboard */; };
		D423C07727E37E63005FD16F /* EmojiAppTests.swift in Sources */ = {isa = PBXBuildFile; fileRef = D423C07627E37E63005FD16F /* EmojiAppTests.swift */; };
		D423C08127E37E63005FD16F /* EmojiAppUITests.swift in Sources */ = {isa = PBXBuildFile; fileRef = D423C08027E37E63005FD16F /* EmojiAppUITests.swift */; };
		D423C08327E37E63005FD16F /* EmojiAppUITestsLaunchTests.swift in Sources */ = {isa = PBXBuildFile; fileRef = D423C08227E37E63005FD16F /* EmojiAppUITestsLaunchTests.swift */; };
/* End PBXBuildFile section */

/* Begin PBXContainerItemProxy section */
		D423C07327E37E63005FD16F /* PBXContainerItemProxy */ = {
			isa = PBXContainerItemProxy;
			containerPortal = D423C05427E37E62005FD16F /* Project object */;
			proxyType = 1;
			remoteGlobalIDString = D423C05B27E37E62005FD16F;
			remoteInfo = EmojiApp;
		};
		D423C07D27E37E63005FD16F /* PBXContainerItemProxy */ = {
			isa = PBXContainerItemProxy;
			containerPortal = D423C05427E37E62005FD16F /* Project object */;
			proxyType = 1;
			remoteGlobalIDString = D423C05B27E37E62005FD16F;
			remoteInfo = EmojiApp;
		};
/* End PBXContainerItemProxy section */

/* Begin PBXFileReference section */
		D423C05C27E37E62005FD16F /* EmojiApp.app */ = {isa = PBXFileReference; explicitFileType = wrapper.application; includeInIndex = 0; path = EmojiApp.app; sourceTree = BUILT_PRODUCTS_DIR; };
		D423C05F27E37E62005FD16F /* AppDelegate.swift */ = {isa = PBXFileReference; lastKnownFileType = sourcecode.swift; path = AppDelegate.swift; sourceTree = "<group>"; };
		D423C06127E37E62005FD16F /* SceneDelegate.swift */ = {isa = PBXFileReference; lastKnownFileType = sourcecode.swift; path = SceneDelegate.swift; sourceTree = "<group>"; };
		D423C06327E37E62005FD16F /* ViewController.swift */ = {isa = PBXFileReference; lastKnownFileType = sourcecode.swift; path = ViewController.swift; sourceTree = "<group>"; };
		D423C06627E37E62005FD16F /* Base */ = {isa = PBXFileReference; lastKnownFileType = file.storyboard; name = Base; path = Base.lproj/Main.storyboard; sourceTree = "<group>"; };
		D423C06827E37E63005FD16F /* Assets.xcassets */ = {isa = PBXFileReference; lastKnownFileType = folder.assetcatalog; path = Assets.xcassets; sourceTree = "<group>"; };
		D423C06B27E37E63005FD16F /* Base */ = {isa = PBXFileReference; lastKnownFileType = file.storyboard; name = Base; path = Base.lproj/LaunchScreen.storyboard; sourceTree = "<group>"; };
		D423C06D27E37E63005FD16F /* Info.plist */ = {isa = PBXFileReference; lastKnownFileType = text.plist.xml; path = Info.plist; sourceTree = "<group>"; };
		D423C07227E37E63005FD16F /* EmojiAppTests.xctest */ = {isa = PBXFileReference; explicitFileType = wrapper.cfbundle; includeInIndex = 0; path = EmojiAppTests.xctest; sourceTree = BUILT_PRODUCTS_DIR; };
		D423C07627E37E63005FD16F /* EmojiAppTests.swift */ = {isa = PBXFileReference; lastKnownFileType = sourcecode.swift; path = EmojiAppTests.swift; sourceTree = "<group>"; };
		D423C07C27E37E63005FD16F /* EmojiAppUITests.xctest */ = {isa = PBXFileReference; explicitFileType = wrapper.cfbundle; includeInIndex = 0; path = EmojiAppUITests.xctest; sourceTree = BUILT_PRODUCTS_DIR; };
		D423C08027E37E63005FD16F /* EmojiAppUITests.swift */ = {isa = PBXFileReference; lastKnownFileType = sourcecode.swift; path = EmojiAppUITests.swift; sourceTree = "<group>"; };
		D423C08227E37E63005FD16F /* EmojiAppUITestsLaunchTests.swift */ = {isa = PBXFileReference; lastKnownFileType = sourcecode.swift; path = EmojiAppUITestsLaunchTests.swift; sourceTree = "<group>"; };
/* End PBXFileReference section */

/* Begin PBXFrameworksBuildPhase section */
		D423C05927E37E62005FD16F /* Frameworks */ = {
			isa = PBXFrameworksBuildPhase;
			buildActionMask = 2147483647;
			files = (
			);
			runOnlyForDeploymentPostprocessing = 0;
		};
		D423C06F27E37E63005FD16F /* Frameworks */ = {
			isa = PBXFrameworksBuildPhase;
			buildActionMask = 2147483647;
			files = (
			);
			runOnlyForDeploymentPostprocessing = 0;
		};
		D423C07927E37E63005FD16F /* Frameworks */ = {
			isa = PBXFrameworksBuildPhase;
			buildActionMask = 2147483647;
			files = (
			);
			runOnlyForDeploymentPostprocessing = 0;
		};
/* End PBXFrameworksBuildPhase section */

/* Begin PBXGroup section */
		D423C05327E37E62005FD16F = {
			isa = PBXGroup;
			children = (
				D423C05E27E37E62005FD16F /* EmojiApp */,
				D423C07527E37E63005FD16F /* EmojiAppTests */,
				D423C07F27E37E63005FD16F /* EmojiAppUITests */,
				D423C05D27E37E62005FD16F /* Products */,
			);
			sourceTree = "<group>";
		};
		D423C05D27E37E62005FD16F /* Products */ = {
			isa = PBXGroup;
			children = (
				D423C05C27E37E62005FD16F /* EmojiApp.app */,
				D423C07227E37E63005FD16F /* EmojiAppTests.xctest */,
				D423C07C27E37E63005FD16F /* EmojiAppUITests.xctest */,
			);
			name = Products;
			sourceTree = "<group>";
		};
		D423C05E27E37E62005FD16F /* EmojiApp */ = {
			isa = PBXGroup;
			children = (
				D423C05F27E37E62005FD16F /* AppDelegate.swift */,
				D423C06127E37E62005FD16F /* SceneDelegate.swift */,
				D423C06327E37E62005FD16F /* ViewController.swift */,
				D423C06527E37E62005FD16F /* Main.storyboard */,
				D423C06827E37E63005FD16F /* Assets.xcassets */,
				D423C06A27E37E63005FD16F /* LaunchScreen.storyboard */,
				D423C06D27E37E63005FD16F /* Info.plist */,
			);
			path = EmojiApp;
			sourceTree = "<group>";
		};
		D423C07527E37E63005FD16F /* EmojiAppTests */ = {
			isa = PBXGroup;
			children = (
				D423C07627E37E63005FD16F /* EmojiAppTests.swift */,
			);
			path = EmojiAppTests;
			sourceTree = "<group>";
		};
		D423C07F27E37E63005FD16F /* EmojiAppUITests */ = {
			isa = PBXGroup;
			children = (
				D423C08027E37E63005FD16F /* EmojiAppUITests.swift */,
				D423C08227E37E63005FD16F /* EmojiAppUITestsLaunchTests.swift */,
			);
			path = EmojiAppUITests;
			sourceTree = "<group>";
		};
/* End PBXGroup section */

/* Begin PBXNativeTarget section */
		D423C05B27E37E62005FD16F /* EmojiApp */ = {
			isa = PBXNativeTarget;
			buildConfigurationList = D423C08627E37E63005FD16F /* Build configuration list for PBXNativeTarget "EmojiApp" */;
			buildPhases = (
				D423C05827E37E62005FD16F /* Sources */,
				D423C05927E37E62005FD16F /* Frameworks */,
				D423C05A27E37E62005FD16F /* Resources */,
			);
			buildRules = (
			);
			dependencies = (
			);
			name = EmojiApp;
			productName = EmojiApp;
			productReference = D423C05C27E37E62005FD16F /* EmojiApp.app */;
			productType = "com.apple.product-type.application";
		};
		D423C07127E37E63005FD16F /* EmojiAppTests */ = {
			isa = PBXNativeTarget;
			buildConfigurationList = D423C08927E37E63005FD16F /* Build configuration list for PBXNativeTarget "EmojiAppTests" */;
			buildPhases = (
				D423C06E27E37E63005FD16F /* Sources */,
				D423C06F27E37E63005FD16F /* Frameworks */,
				D423C07027E37E63005FD16F /* Resources */,
			);
			buildRules = (
			);
			dependencies = (
				D423C07427E37E63005FD16F /* PBXTargetDependency */,
			);
			name = EmojiAppTests;
			productName = EmojiAppTests;
			productReference = D423C07227E37E63005FD16F /* EmojiAppTests.xctest */;
			productType = "com.apple.product-type.bundle.unit-test";
		};
		D423C07B27E37E63005FD16F /* EmojiAppUITests */ = {
			isa = PBXNativeTarget;
			buildConfigurationList = D423C08C27E37E63005FD16F /* Build configuration list for PBXNativeTarget "EmojiAppUITests" */;
			buildPhases = (
				D423C07827E37E63005FD16F /* Sources */,
				D423C07927E37E63005FD16F /* Frameworks */,
				D423C07A27E37E63005FD16F /* Resources */,
			);
			buildRules = (
			);
			dependencies = (
				D423C07E27E37E63005FD16F /* PBXTargetDependency */,
			);
			name = EmojiAppUITests;
			productName = EmojiAppUITests;
			productReference = D423C07C27E37E63005FD16F /* EmojiAppUITests.xctest */;
			productType = "com.apple.product-type.bundle.ui-testing";
		};
/* End PBXNativeTarget section */

/* Begin PBXProject section */
		D423C05427E37E62005FD16F /* Project object */ = {
			isa = PBXProject;
			attributes = {
				BuildIndependentTargetsInParallel = 1;
				LastSwiftUpdateCheck = 1320;
				LastUpgradeCheck = 1320;
				TargetAttributes = {
					D423C05B27E37E62005FD16F = {
						CreatedOnToolsVersion = 13.2.1;
					};
					D423C07127E37E63005FD16F = {
						CreatedOnToolsVersion = 13.2.1;
						TestTargetID = D423C05B27E37E62005FD16F;
					};
					D423C07B27E37E63005FD16F = {
						CreatedOnToolsVersion = 13.2.1;
						TestTargetID = D423C05B27E37E62005FD16F;
					};
				};
			};
			buildConfigurationList = D423C05727E37E62005FD16F /* Build configuration list for PBXProject "EmojiApp" */;
			compatibilityVersion = "Xcode 13.0";
			developmentRegion = en;
			hasScannedForEncodings = 0;
			knownRegions = (
				en,
				Base,
			);
			mainGroup = D423C05327E37E62005FD16F;
			productRefGroup = D423C05D27E37E62005FD16F /* Products */;
			projectDirPath = "";
			projectRoot = "";
			targets = (
				D423C05B27E37E62005FD16F /* EmojiApp */,
				D423C07127E37E63005FD16F /* EmojiAppTests */,
				D423C07B27E37E63005FD16F /* EmojiAppUITests */,
			);
		};
/* End PBXProject section */

/* Begin PBXResourcesBuildPhase section */
		D423C05A27E37E62005FD16F /* Resources */ = {
			isa = PBXResourcesBuildPhase;
			buildActionMask = 2147483647;
			files = (
				D423C06C27E37E63005FD16F /* LaunchScreen.storyboard in Resources */,
				D423C06927E37E63005FD16F /* Assets.xcassets in Resources */,
				D423C06727E37E62005FD16F /* Main.storyboard in Resources */,
			);
			runOnlyForDeploymentPostprocessing = 0;
		};
		D423C07027E37E63005FD16F /* Resources */ = {
			isa = PBXResourcesBuildPhase;
			buildActionMask = 2147483647;
			files = (
			);
			runOnlyForDeploymentPostprocessing = 0;
		};
		D423C07A27E37E63005FD16F /* Resources */ = {
			isa = PBXResourcesBuildPhase;
			buildActionMask = 2147483647;
			files = (
			);
			runOnlyForDeploymentPostprocessing = 0;
		};
/* End PBXResourcesBuildPhase section */

/* Begin PBXSourcesBuildPhase section */
		D423C05827E37E62005FD16F /* Sources */ = {
			isa = PBXSourcesBuildPhase;
			buildActionMask = 2147483647;
			files = (
				D423C06427E37E62005FD16F /* ViewController.swift in Sources */,
				D423C06027E37E62005FD16F /* AppDelegate.swift in Sources */,
				D423C06227E37E62005FD16F /* SceneDelegate.swift in Sources */,
			);
			runOnlyForDeploymentPostprocessing = 0;
		};
		D423C06E27E37E63005FD16F /* Sources */ = {
			isa = PBXSourcesBuildPhase;
			buildActionMask = 2147483647;
			files = (
				D423C07727E37E63005FD16F /* EmojiAppTests.swift in Sources */,
			);
			runOnlyForDeploymentPostprocessing = 0;
		};
		D423C07827E37E63005FD16F /* Sources */ = {
			isa = PBXSourcesBuildPhase;
			buildActionMask = 2147483647;
			files = (
				D423C08327E37E63005FD16F /* EmojiAppUITestsLaunchTests.swift in Sources */,
				D423C08127E37E63005FD16F /* EmojiAppUITests.swift in Sources */,
			);
			runOnlyForDeploymentPostprocessing = 0;
		};
/* End PBXSourcesBuildPhase section */

/* Begin PBXTargetDependency section */
		D423C07427E37E63005FD16F /* PBXTargetDependency */ = {
			isa = PBXTargetDependency;
			target = D423C05B27E37E62005FD16F /* EmojiApp */;
			targetProxy = D423C07327E37E63005FD16F /* PBXContainerItemProxy */;
		};
		D423C07E27E37E63005FD16F /* PBXTargetDependency */ = {
			isa = PBXTargetDependency;
			target = D423C05B27E37E62005FD16F /* EmojiApp */;
			targetProxy = D423C07D27E37E63005FD16F /* PBXContainerItemProxy */;
		};
/* End PBXTargetDependency section */

/* Begin PBXVariantGroup section */
		D423C06527E37E62005FD16F /* Main.storyboard */ = {
			isa = PBXVariantGroup;
			children = (
				D423C06627E37E62005FD16F /* Base */,
			);
			name = Main.storyboard;
			sourceTree = "<group>";
		};
		D423C06A27E37E63005FD16F /* LaunchScreen.storyboard */ = {
			isa = PBXVariantGroup;
			children = (
				D423C06B27E37E63005FD16F /* Base */,
			);
			name = LaunchScreen.storyboard;
			sourceTree = "<group>";
		};
/* End PBXVariantGroup section */

/* Begin XCBuildConfiguration section */
		D423C08427E37E63005FD16F /* Debug */ = {
			isa = XCBuildConfiguration;
			buildSettings = {
				ALWAYS_SEARCH_USER_PATHS = NO;
				CLANG_ANALYZER_NONNULL = YES;
				CLANG_ANALYZER_NUMBER_OBJECT_CONVERSION = YES_AGGRESSIVE;
				CLANG_CXX_LANGUAGE_STANDARD = "gnu++17";
				CLANG_CXX_LIBRARY = "libc++";
				CLANG_ENABLE_MODULES = YES;
				CLANG_ENABLE_OBJC_ARC = YES;
				CLANG_ENABLE_OBJC_WEAK = YES;
				CLANG_WARN_BLOCK_CAPTURE_AUTORELEASING = YES;
				CLANG_WARN_BOOL_CONVERSION = YES;
				CLANG_WARN_COMMA = YES;
				CLANG_WARN_CONSTANT_CONVERSION = YES;
				CLANG_WARN_DEPRECATED_OBJC_IMPLEMENTATIONS = YES;
				CLANG_WARN_DIRECT_OBJC_ISA_USAGE = YES_ERROR;
				CLANG_WARN_DOCUMENTATION_COMMENTS = YES;
				CLANG_WARN_EMPTY_BODY = YES;
				CLANG_WARN_ENUM_CONVERSION = YES;
				CLANG_WARN_INFINITE_RECURSION = YES;
				CLANG_WARN_INT_CONVERSION = YES;
				CLANG_WARN_NON_LITERAL_NULL_CONVERSION = YES;
				CLANG_WARN_OBJC_IMPLICIT_RETAIN_SELF = YES;
				CLANG_WARN_OBJC_LITERAL_CONVERSION = YES;
				CLANG_WARN_OBJC_ROOT_CLASS = YES_ERROR;
				CLANG_WARN_QUOTED_INCLUDE_IN_FRAMEWORK_HEADER = YES;
				CLANG_WARN_RANGE_LOOP_ANALYSIS = YES;
				CLANG_WARN_STRICT_PROTOTYPES = YES;
				CLANG_WARN_SUSPICIOUS_MOVE = YES;
				CLANG_WARN_UNGUARDED_AVAILABILITY = YES_AGGRESSIVE;
				CLANG_WARN_UNREACHABLE_CODE = YES;
				CLANG_WARN__DUPLICATE_METHOD_MATCH = YES;
				COPY_PHASE_STRIP = NO;
				DEBUG_INFORMATION_FORMAT = dwarf;
				ENABLE_STRICT_OBJC_MSGSEND = YES;
				ENABLE_TESTABILITY = YES;
				GCC_C_LANGUAGE_STANDARD = gnu11;
				GCC_DYNAMIC_NO_PIC = NO;
				GCC_NO_COMMON_BLOCKS = YES;
				GCC_OPTIMIZATION_LEVEL = 0;
				GCC_PREPROCESSOR_DEFINITIONS = (
					"DEBUG=1",
					"$(inherited)",
				);
				GCC_WARN_64_TO_32_BIT_CONVERSION = YES;
				GCC_WARN_ABOUT_RETURN_TYPE = YES_ERROR;
				GCC_WARN_UNDECLARED_SELECTOR = YES;
				GCC_WARN_UNINITIALIZED_AUTOS = YES_AGGRESSIVE;
				GCC_WARN_UNUSED_FUNCTION = YES;
				GCC_WARN_UNUSED_VARIABLE = YES;
				IPHONEOS_DEPLOYMENT_TARGET = 15.2;
				MTL_ENABLE_DEBUG_INFO = INCLUDE_SOURCE;
				MTL_FAST_MATH = YES;
				ONLY_ACTIVE_ARCH = YES;
				SDKROOT = iphoneos;
				SWIFT_ACTIVE_COMPILATION_CONDITIONS = DEBUG;
				SWIFT_OPTIMIZATION_LEVEL = "-Onone";
			};
			name = Debug;
		};
		D423C08527E37E63005FD16F /* Release */ = {
			isa = XCBuildConfiguration;
			buildSettings = {
				ALWAYS_SEARCH_USER_PATHS = NO;
				CLANG_ANALYZER_NONNULL = YES;
				CLANG_ANALYZER_NUMBER_OBJECT_CONVERSION = YES_AGGRESSIVE;
				CLANG_CXX_LANGUAGE_STANDARD = "gnu++17";
				CLANG_CXX_LIBRARY = "libc++";
				CLANG_ENABLE_MODULES = YES;
				CLANG_ENABLE_OBJC_ARC = YES;
				CLANG_ENABLE_OBJC_WEAK = YES;
				CLANG_WARN_BLOCK_CAPTURE_AUTORELEASING = YES;
				CLANG_WARN_BOOL_CONVERSION = YES;
				CLANG_WARN_COMMA = YES;
				CLANG_WARN_CONSTANT_CONVERSION = YES;
				CLANG_WARN_DEPRECATED_OBJC_IMPLEMENTATIONS = YES;
				CLANG_WARN_DIRECT_OBJC_ISA_USAGE = YES_ERROR;
				CLANG_WARN_DOCUMENTATION_COMMENTS = YES;
				CLANG_WARN_EMPTY_BODY = YES;
				CLANG_WARN_ENUM_CONVERSION = YES;
				CLANG_WARN_INFINITE_RECURSION = YES;
				CLANG_WARN_INT_CONVERSION = YES;
				CLANG_WARN_NON_LITERAL_NULL_CONVERSION = YES;
				CLANG_WARN_OBJC_IMPLICIT_RETAIN_SELF = YES;
				CLANG_WARN_OBJC_LITERAL_CONVERSION = YES;
				CLANG_WARN_OBJC_ROOT_CLASS = YES_ERROR;
				CLANG_WARN_QUOTED_INCLUDE_IN_FRAMEWORK_HEADER = YES;
				CLANG_WARN_RANGE_LOOP_ANALYSIS = YES;
				CLANG_WARN_STRICT_PROTOTYPES = YES;
				CLANG_WARN_SUSPICIOUS_MOVE = YES;
				CLANG_WARN_UNGUARDED_AVAILABILITY = YES_AGGRESSIVE;
				CLANG_WARN_UNREACHABLE_CODE = YES;
				CLANG_WARN__DUPLICATE_METHOD_MATCH = YES;
				COPY_PHASE_STRIP = NO;
				DEBUG_INFORMATION_FORMAT = "dwarf-with-dsym";
				ENABLE_NS_ASSERTIONS = NO;
				ENABLE_STRICT_OBJC_MSGSEND = YES;
				GCC_C_LANGUAGE_STANDARD = gnu11;
				GCC_NO_COMMON_BLOCKS = YES;
				GCC_WARN_64_TO_32_BIT_CONVERSION = YES;
				GCC_WARN_ABOUT_RETURN_TYPE = YES_ERROR;
				GCC_WARN_UNDECLARED_SELECTOR = YES;
				GCC_WARN_UNINITIALIZED_AUTOS = YES_AGGRESSIVE;
				GCC_WARN_UNUSED_FUNCTION = YES;
				GCC_WARN_UNUSED_VARIABLE = YES;
				IPHONEOS_DEPLOYMENT_TARGET = 15.2;
				MTL_ENABLE_DEBUG_INFO = NO;
				MTL_FAST_MATH = YES;
				SDKROOT = iphoneos;
				SWIFT_COMPILATION_MODE = wholemodule;
				SWIFT_OPTIMIZATION_LEVEL = "-O";
				VALIDATE_PRODUCT = YES;
			};
			name = Release;
		};
		D423C08727E37E63005FD16F /* Debug */ = {
			isa = XCBuildConfiguration;
			buildSettings = {
				ASSETCATALOG_COMPILER_APPICON_NAME = AppIcon;
				ASSETCATALOG_COMPILER_GLOBAL_ACCENT_COLOR_NAME = AccentColor;
				CODE_SIGN_STYLE = Automatic;
				CURRENT_PROJECT_VERSION = 1;
				GENERATE_INFOPLIST_FILE = YES;
				INFOPLIST_FILE = EmojiApp/Info.plist;
				INFOPLIST_KEY_CFBundleDisplayName = EmojiApp;
				INFOPLIST_KEY_UIApplicationSupportsIndirectInputEvents = YES;
				INFOPLIST_KEY_UILaunchStoryboardName = LaunchScreen;
				INFOPLIST_KEY_UIMainStoryboardFile = Main;
				INFOPLIST_KEY_UISupportedInterfaceOrientations_iPad = "UIInterfaceOrientationPortrait UIInterfaceOrientationPortraitUpsideDown UIInterfaceOrientationLandscapeLeft UIInterfaceOrientationLandscapeRight";
				INFOPLIST_KEY_UISupportedInterfaceOrientations_iPhone = "UIInterfaceOrientationPortrait UIInterfaceOrientationLandscapeLeft UIInterfaceOrientationLandscapeRight";
				LD_RUNPATH_SEARCH_PATHS = (
					"$(inherited)",
					"@executable_path/Frameworks",
				);
				MARKETING_VERSION = 1.0;
				PRODUCT_BUNDLE_IDENTIFIER = NWMSU.EmojiApp;
				PRODUCT_NAME = "$(TARGET_NAME)";
				SWIFT_EMIT_LOC_STRINGS = YES;
				SWIFT_VERSION = 5.0;
				TARGETED_DEVICE_FAMILY = "1,2";
			};
			name = Debug;
		};
		D423C08827E37E63005FD16F /* Release */ = {
			isa = XCBuildConfiguration;
			buildSettings = {
				ASSETCATALOG_COMPILER_APPICON_NAME = AppIcon;
				ASSETCATALOG_COMPILER_GLOBAL_ACCENT_COLOR_NAME = AccentColor;
				CODE_SIGN_STYLE = Automatic;
				CURRENT_PROJECT_VERSION = 1;
				GENERATE_INFOPLIST_FILE = YES;
				INFOPLIST_FILE = EmojiApp/Info.plist;
				INFOPLIST_KEY_CFBundleDisplayName = EmojiApp;
				INFOPLIST_KEY_UIApplicationSupportsIndirectInputEvents = YES;
				INFOPLIST_KEY_UILaunchStoryboardName = LaunchScreen;
				INFOPLIST_KEY_UIMainStoryboardFile = Main;
				INFOPLIST_KEY_UISupportedInterfaceOrientations_iPad = "UIInterfaceOrientationPortrait UIInterfaceOrientationPortraitUpsideDown UIInterfaceOrientationLandscapeLeft UIInterfaceOrientationLandscapeRight";
				INFOPLIST_KEY_UISupportedInterfaceOrientations_iPhone = "UIInterfaceOrientationPortrait UIInterfaceOrientationLandscapeLeft UIInterfaceOrientationLandscapeRight";
				LD_RUNPATH_SEARCH_PATHS = (
					"$(inherited)",
					"@executable_path/Frameworks",
				);
				MARKETING_VERSION = 1.0;
				PRODUCT_BUNDLE_IDENTIFIER = NWMSU.EmojiApp;
				PRODUCT_NAME = "$(TARGET_NAME)";
				SWIFT_EMIT_LOC_STRINGS = YES;
				SWIFT_VERSION = 5.0;
				TARGETED_DEVICE_FAMILY = "1,2";
			};
			name = Release;
		};
		D423C08A27E37E63005FD16F /* Debug */ = {
			isa = XCBuildConfiguration;
			buildSettings = {
				ALWAYS_EMBED_SWIFT_STANDARD_LIBRARIES = YES;
				BUNDLE_LOADER = "$(TEST_HOST)";
				CODE_SIGN_STYLE = Automatic;
				CURRENT_PROJECT_VERSION = 1;
				GENERATE_INFOPLIST_FILE = YES;
				IPHONEOS_DEPLOYMENT_TARGET = 15.2;
				MARKETING_VERSION = 1.0;
				PRODUCT_BUNDLE_IDENTIFIER = NWMSU.EmojiAppTests;
				PRODUCT_NAME = "$(TARGET_NAME)";
				SWIFT_EMIT_LOC_STRINGS = NO;
				SWIFT_VERSION = 5.0;
				TARGETED_DEVICE_FAMILY = "1,2";
				TEST_HOST = "$(BUILT_PRODUCTS_DIR)/EmojiApp.app/EmojiApp";
			};
			name = Debug;
		};
		D423C08B27E37E63005FD16F /* Release */ = {
			isa = XCBuildConfiguration;
			buildSettings = {
				ALWAYS_EMBED_SWIFT_STANDARD_LIBRARIES = YES;
				BUNDLE_LOADER = "$(TEST_HOST)";
				CODE_SIGN_STYLE = Automatic;
				CURRENT_PROJECT_VERSION = 1;
				GENERATE_INFOPLIST_FILE = YES;
				IPHONEOS_DEPLOYMENT_TARGET = 15.2;
				MARKETING_VERSION = 1.0;
				PRODUCT_BUNDLE_IDENTIFIER = NWMSU.EmojiAppTests;
				PRODUCT_NAME = "$(TARGET_NAME)";
				SWIFT_EMIT_LOC_STRINGS = NO;
				SWIFT_VERSION = 5.0;
				TARGETED_DEVICE_FAMILY = "1,2";
				TEST_HOST = "$(BUILT_PRODUCTS_DIR)/EmojiApp.app/EmojiApp";
			};
			name = Release;
		};
		D423C08D27E37E63005FD16F /* Debug */ = {
			isa = XCBuildConfiguration;
			buildSettings = {
				ALWAYS_EMBED_SWIFT_STANDARD_LIBRARIES = YES;
				CODE_SIGN_STYLE = Automatic;
				CURRENT_PROJECT_VERSION = 1;
				GENERATE_INFOPLIST_FILE = YES;
				MARKETING_VERSION = 1.0;
				PRODUCT_BUNDLE_IDENTIFIER = NWMSU.EmojiAppUITests;
				PRODUCT_NAME = "$(TARGET_NAME)";
				SWIFT_EMIT_LOC_STRINGS = NO;
				SWIFT_VERSION = 5.0;
				TARGETED_DEVICE_FAMILY = "1,2";
				TEST_TARGET_NAME = EmojiApp;
			};
			name = Debug;
		};
		D423C08E27E37E63005FD16F /* Release */ = {
			isa = XCBuildConfiguration;
			buildSettings = {
				ALWAYS_EMBED_SWIFT_STANDARD_LIBRARIES = YES;
				CODE_SIGN_STYLE = Automatic;
				CURRENT_PROJECT_VERSION = 1;
				GENERATE_INFOPLIST_FILE = YES;
				MARKETING_VERSION = 1.0;
				PRODUCT_BUNDLE_IDENTIFIER = NWMSU.EmojiAppUITests;
				PRODUCT_NAME = "$(TARGET_NAME)";
				SWIFT_EMIT_LOC_STRINGS = NO;
				SWIFT_VERSION = 5.0;
				TARGETED_DEVICE_FAMILY = "1,2";
				TEST_TARGET_NAME = EmojiApp;
			};
			name = Release;
		};
/* End XCBuildConfiguration section */

/* Begin XCConfigurationList section */
		D423C05727E37E62005FD16F /* Build configuration list for PBXProject "EmojiApp" */ = {
			isa = XCConfigurationList;
			buildConfigurations = (
				D423C08427E37E63005FD16F /* Debug */,
				D423C08527E37E63005FD16F /* Release */,
			);
			defaultConfigurationIsVisible = 0;
			defaultConfigurationName = Release;
		};
		D423C08627E37E63005FD16F /* Build configuration list for PBXNativeTarget "EmojiApp" */ = {
			isa = XCConfigurationList;
			buildConfigurations = (
				D423C08727E37E63005FD16F /* Debug */,
				D423C08827E37E63005FD16F /* Release */,
			);
			defaultConfigurationIsVisible = 0;
			defaultConfigurationName = Release;
		};
		D423C08927E37E63005FD16F /* Build configuration list for PBXNativeTarget "EmojiAppTests" */ = {
			isa = XCConfigurationList;
			buildConfigurations = (
				D423C08A27E37E63005FD16F /* Debug */,
				D423C08B27E37E63005FD16F /* Release */,
			);
			defaultConfigurationIsVisible = 0;
			defaultConfigurationName = Release;
		};
		D423C08C27E37E63005FD16F /* Build configuration list for PBXNativeTarget "EmojiAppUITests" */ = {
			isa = XCConfigurationList;
			buildConfigurations = (
				D423C08D27E37E63005FD16F /* Debug */,
				D423C08E27E37E63005FD16F /* Release */,
			);
			defaultConfigurationIsVisible = 0;
			defaultConfigurationName = Release;
		};
/* End XCConfigurationList section */
	};
	rootObject = D423C05427E37E62005FD16F /* Project object */;
}
