// !$*UTF8*$!
{
	archiveVersion = 1;
	classes = {
	};
	objectVersion = 55;
	objects = {

/* Begin PBXBuildFile section */
		D444BF8027A2F79B00D2071C /* AppDelegate.swift in Sources */ = {isa = PBXBuildFile; fileRef = D444BF7F27A2F79B00D2071C /* AppDelegate.swift */; };
		D444BF8227A2F79B00D2071C /* SceneDelegate.swift in Sources */ = {isa = PBXBuildFile; fileRef = D444BF8127A2F79B00D2071C /* SceneDelegate.swift */; };
		D444BF8427A2F79B00D2071C /* ViewController.swift in Sources */ = {isa = PBXBuildFile; fileRef = D444BF8327A2F79B00D2071C /* ViewController.swift */; };
		D444BF8727A2F79B00D2071C /* Main.storyboard in Resources */ = {isa = PBXBuildFile; fileRef = D444BF8527A2F79B00D2071C /* Main.storyboard */; };
		D444BF8927A2F79C00D2071C /* Assets.xcassets in Resources */ = {isa = PBXBuildFile; fileRef = D444BF8827A2F79C00D2071C /* Assets.xcassets */; };
		D444BF8C27A2F79C00D2071C /* LaunchScreen.storyboard in Resources */ = {isa = PBXBuildFile; fileRef = D444BF8A27A2F79C00D2071C /* LaunchScreen.storyboard */; };
		D444BF9727A2F79D00D2071C /* SampleCalciTests.swift in Sources */ = {isa = PBXBuildFile; fileRef = D444BF9627A2F79D00D2071C /* SampleCalciTests.swift */; };
		D444BFA127A2F79D00D2071C /* SampleCalciUITests.swift in Sources */ = {isa = PBXBuildFile; fileRef = D444BFA027A2F79D00D2071C /* SampleCalciUITests.swift */; };
		D444BFA327A2F79D00D2071C /* SampleCalciUITestsLaunchTests.swift in Sources */ = {isa = PBXBuildFile; fileRef = D444BFA227A2F79D00D2071C /* SampleCalciUITestsLaunchTests.swift */; };
/* End PBXBuildFile section */

/* Begin PBXContainerItemProxy section */
		D444BF9327A2F79D00D2071C /* PBXContainerItemProxy */ = {
			isa = PBXContainerItemProxy;
			containerPortal = D444BF7427A2F79B00D2071C /* Project object */;
			proxyType = 1;
			remoteGlobalIDString = D444BF7B27A2F79B00D2071C;
			remoteInfo = SampleCalci;
		};
		D444BF9D27A2F79D00D2071C /* PBXContainerItemProxy */ = {
			isa = PBXContainerItemProxy;
			containerPortal = D444BF7427A2F79B00D2071C /* Project object */;
			proxyType = 1;
			remoteGlobalIDString = D444BF7B27A2F79B00D2071C;
			remoteInfo = SampleCalci;
		};
/* End PBXContainerItemProxy section */

/* Begin PBXFileReference section */
		D444BF7C27A2F79B00D2071C /* SampleCalci.app */ = {isa = PBXFileReference; explicitFileType = wrapper.application; includeInIndex = 0; path = SampleCalci.app; sourceTree = BUILT_PRODUCTS_DIR; };
		D444BF7F27A2F79B00D2071C /* AppDelegate.swift */ = {isa = PBXFileReference; lastKnownFileType = sourcecode.swift; path = AppDelegate.swift; sourceTree = "<group>"; };
		D444BF8127A2F79B00D2071C /* SceneDelegate.swift */ = {isa = PBXFileReference; lastKnownFileType = sourcecode.swift; path = SceneDelegate.swift; sourceTree = "<group>"; };
		D444BF8327A2F79B00D2071C /* ViewController.swift */ = {isa = PBXFileReference; lastKnownFileType = sourcecode.swift; path = ViewController.swift; sourceTree = "<group>"; };
		D444BF8627A2F79B00D2071C /* Base */ = {isa = PBXFileReference; lastKnownFileType = file.storyboard; name = Base; path = Base.lproj/Main.storyboard; sourceTree = "<group>"; };
		D444BF8827A2F79C00D2071C /* Assets.xcassets */ = {isa = PBXFileReference; lastKnownFileType = folder.assetcatalog; path = Assets.xcassets; sourceTree = "<group>"; };
		D444BF8B27A2F79C00D2071C /* Base */ = {isa = PBXFileReference; lastKnownFileType = file.storyboard; name = Base; path = Base.lproj/LaunchScreen.storyboard; sourceTree = "<group>"; };
		D444BF8D27A2F79C00D2071C /* Info.plist */ = {isa = PBXFileReference; lastKnownFileType = text.plist.xml; path = Info.plist; sourceTree = "<group>"; };
		D444BF9227A2F79D00D2071C /* SampleCalciTests.xctest */ = {isa = PBXFileReference; explicitFileType = wrapper.cfbundle; includeInIndex = 0; path = SampleCalciTests.xctest; sourceTree = BUILT_PRODUCTS_DIR; };
		D444BF9627A2F79D00D2071C /* SampleCalciTests.swift */ = {isa = PBXFileReference; lastKnownFileType = sourcecode.swift; path = SampleCalciTests.swift; sourceTree = "<group>"; };
		D444BF9C27A2F79D00D2071C /* SampleCalciUITests.xctest */ = {isa = PBXFileReference; explicitFileType = wrapper.cfbundle; includeInIndex = 0; path = SampleCalciUITests.xctest; sourceTree = BUILT_PRODUCTS_DIR; };
		D444BFA027A2F79D00D2071C /* SampleCalciUITests.swift */ = {isa = PBXFileReference; lastKnownFileType = sourcecode.swift; path = SampleCalciUITests.swift; sourceTree = "<group>"; };
		D444BFA227A2F79D00D2071C /* SampleCalciUITestsLaunchTests.swift */ = {isa = PBXFileReference; lastKnownFileType = sourcecode.swift; path = SampleCalciUITestsLaunchTests.swift; sourceTree = "<group>"; };
/* End PBXFileReference section */

/* Begin PBXFrameworksBuildPhase section */
		D444BF7927A2F79B00D2071C /* Frameworks */ = {
			isa = PBXFrameworksBuildPhase;
			buildActionMask = 2147483647;
			files = (
			);
			runOnlyForDeploymentPostprocessing = 0;
		};
		D444BF8F27A2F79D00D2071C /* Frameworks */ = {
			isa = PBXFrameworksBuildPhase;
			buildActionMask = 2147483647;
			files = (
			);
			runOnlyForDeploymentPostprocessing = 0;
		};
		D444BF9927A2F79D00D2071C /* Frameworks */ = {
			isa = PBXFrameworksBuildPhase;
			buildActionMask = 2147483647;
			files = (
			);
			runOnlyForDeploymentPostprocessing = 0;
		};
/* End PBXFrameworksBuildPhase section */

/* Begin PBXGroup section */
		D444BF7327A2F79B00D2071C = {
			isa = PBXGroup;
			children = (
				D444BF7E27A2F79B00D2071C /* SampleCalci */,
				D444BF9527A2F79D00D2071C /* SampleCalciTests */,
				D444BF9F27A2F79D00D2071C /* SampleCalciUITests */,
				D444BF7D27A2F79B00D2071C /* Products */,
			);
			sourceTree = "<group>";
		};
		D444BF7D27A2F79B00D2071C /* Products */ = {
			isa = PBXGroup;
			children = (
				D444BF7C27A2F79B00D2071C /* SampleCalci.app */,
				D444BF9227A2F79D00D2071C /* SampleCalciTests.xctest */,
				D444BF9C27A2F79D00D2071C /* SampleCalciUITests.xctest */,
			);
			name = Products;
			sourceTree = "<group>";
		};
		D444BF7E27A2F79B00D2071C /* SampleCalci */ = {
			isa = PBXGroup;
			children = (
				D444BF7F27A2F79B00D2071C /* AppDelegate.swift */,
				D444BF8127A2F79B00D2071C /* SceneDelegate.swift */,
				D444BF8327A2F79B00D2071C /* ViewController.swift */,
				D444BF8527A2F79B00D2071C /* Main.storyboard */,
				D444BF8827A2F79C00D2071C /* Assets.xcassets */,
				D444BF8A27A2F79C00D2071C /* LaunchScreen.storyboard */,
				D444BF8D27A2F79C00D2071C /* Info.plist */,
			);
			path = SampleCalci;
			sourceTree = "<group>";
		};
		D444BF9527A2F79D00D2071C /* SampleCalciTests */ = {
			isa = PBXGroup;
			children = (
				D444BF9627A2F79D00D2071C /* SampleCalciTests.swift */,
			);
			path = SampleCalciTests;
			sourceTree = "<group>";
		};
		D444BF9F27A2F79D00D2071C /* SampleCalciUITests */ = {
			isa = PBXGroup;
			children = (
				D444BFA027A2F79D00D2071C /* SampleCalciUITests.swift */,
				D444BFA227A2F79D00D2071C /* SampleCalciUITestsLaunchTests.swift */,
			);
			path = SampleCalciUITests;
			sourceTree = "<group>";
		};
/* End PBXGroup section */

/* Begin PBXNativeTarget section */
		D444BF7B27A2F79B00D2071C /* SampleCalci */ = {
			isa = PBXNativeTarget;
			buildConfigurationList = D444BFA627A2F79D00D2071C /* Build configuration list for PBXNativeTarget "SampleCalci" */;
			buildPhases = (
				D444BF7827A2F79B00D2071C /* Sources */,
				D444BF7927A2F79B00D2071C /* Frameworks */,
				D444BF7A27A2F79B00D2071C /* Resources */,
			);
			buildRules = (
			);
			dependencies = (
			);
			name = SampleCalci;
			productName = SampleCalci;
			productReference = D444BF7C27A2F79B00D2071C /* SampleCalci.app */;
			productType = "com.apple.product-type.application";
		};
		D444BF9127A2F79D00D2071C /* SampleCalciTests */ = {
			isa = PBXNativeTarget;
			buildConfigurationList = D444BFA927A2F79D00D2071C /* Build configuration list for PBXNativeTarget "SampleCalciTests" */;
			buildPhases = (
				D444BF8E27A2F79D00D2071C /* Sources */,
				D444BF8F27A2F79D00D2071C /* Frameworks */,
				D444BF9027A2F79D00D2071C /* Resources */,
			);
			buildRules = (
			);
			dependencies = (
				D444BF9427A2F79D00D2071C /* PBXTargetDependency */,
			);
			name = SampleCalciTests;
			productName = SampleCalciTests;
			productReference = D444BF9227A2F79D00D2071C /* SampleCalciTests.xctest */;
			productType = "com.apple.product-type.bundle.unit-test";
		};
		D444BF9B27A2F79D00D2071C /* SampleCalciUITests */ = {
			isa = PBXNativeTarget;
			buildConfigurationList = D444BFAC27A2F79D00D2071C /* Build configuration list for PBXNativeTarget "SampleCalciUITests" */;
			buildPhases = (
				D444BF9827A2F79D00D2071C /* Sources */,
				D444BF9927A2F79D00D2071C /* Frameworks */,
				D444BF9A27A2F79D00D2071C /* Resources */,
			);
			buildRules = (
			);
			dependencies = (
				D444BF9E27A2F79D00D2071C /* PBXTargetDependency */,
			);
			name = SampleCalciUITests;
			productName = SampleCalciUITests;
			productReference = D444BF9C27A2F79D00D2071C /* SampleCalciUITests.xctest */;
			productType = "com.apple.product-type.bundle.ui-testing";
		};
/* End PBXNativeTarget section */

/* Begin PBXProject section */
		D444BF7427A2F79B00D2071C /* Project object */ = {
			isa = PBXProject;
			attributes = {
				BuildIndependentTargetsInParallel = 1;
				LastSwiftUpdateCheck = 1320;
				LastUpgradeCheck = 1320;
				TargetAttributes = {
					D444BF7B27A2F79B00D2071C = {
						CreatedOnToolsVersion = 13.2.1;
					};
					D444BF9127A2F79D00D2071C = {
						CreatedOnToolsVersion = 13.2.1;
						TestTargetID = D444BF7B27A2F79B00D2071C;
					};
					D444BF9B27A2F79D00D2071C = {
						CreatedOnToolsVersion = 13.2.1;
						TestTargetID = D444BF7B27A2F79B00D2071C;
					};
				};
			};
			buildConfigurationList = D444BF7727A2F79B00D2071C /* Build configuration list for PBXProject "SampleCalci" */;
			compatibilityVersion = "Xcode 13.0";
			developmentRegion = en;
			hasScannedForEncodings = 0;
			knownRegions = (
				en,
				Base,
			);
			mainGroup = D444BF7327A2F79B00D2071C;
			productRefGroup = D444BF7D27A2F79B00D2071C /* Products */;
			projectDirPath = "";
			projectRoot = "";
			targets = (
				D444BF7B27A2F79B00D2071C /* SampleCalci */,
				D444BF9127A2F79D00D2071C /* SampleCalciTests */,
				D444BF9B27A2F79D00D2071C /* SampleCalciUITests */,
			);
		};
/* End PBXProject section */

/* Begin PBXResourcesBuildPhase section */
		D444BF7A27A2F79B00D2071C /* Resources */ = {
			isa = PBXResourcesBuildPhase;
			buildActionMask = 2147483647;
			files = (
				D444BF8C27A2F79C00D2071C /* LaunchScreen.storyboard in Resources */,
				D444BF8927A2F79C00D2071C /* Assets.xcassets in Resources */,
				D444BF8727A2F79B00D2071C /* Main.storyboard in Resources */,
			);
			runOnlyForDeploymentPostprocessing = 0;
		};
		D444BF9027A2F79D00D2071C /* Resources */ = {
			isa = PBXResourcesBuildPhase;
			buildActionMask = 2147483647;
			files = (
			);
			runOnlyForDeploymentPostprocessing = 0;
		};
		D444BF9A27A2F79D00D2071C /* Resources */ = {
			isa = PBXResourcesBuildPhase;
			buildActionMask = 2147483647;
			files = (
			);
			runOnlyForDeploymentPostprocessing = 0;
		};
/* End PBXResourcesBuildPhase section */

/* Begin PBXSourcesBuildPhase section */
		D444BF7827A2F79B00D2071C /* Sources */ = {
			isa = PBXSourcesBuildPhase;
			buildActionMask = 2147483647;
			files = (
				D444BF8427A2F79B00D2071C /* ViewController.swift in Sources */,
				D444BF8027A2F79B00D2071C /* AppDelegate.swift in Sources */,
				D444BF8227A2F79B00D2071C /* SceneDelegate.swift in Sources */,
			);
			runOnlyForDeploymentPostprocessing = 0;
		};
		D444BF8E27A2F79D00D2071C /* Sources */ = {
			isa = PBXSourcesBuildPhase;
			buildActionMask = 2147483647;
			files = (
				D444BF9727A2F79D00D2071C /* SampleCalciTests.swift in Sources */,
			);
			runOnlyForDeploymentPostprocessing = 0;
		};
		D444BF9827A2F79D00D2071C /* Sources */ = {
			isa = PBXSourcesBuildPhase;
			buildActionMask = 2147483647;
			files = (
				D444BFA127A2F79D00D2071C /* SampleCalciUITests.swift in Sources */,
				D444BFA327A2F79D00D2071C /* SampleCalciUITestsLaunchTests.swift in Sources */,
			);
			runOnlyForDeploymentPostprocessing = 0;
		};
/* End PBXSourcesBuildPhase section */

/* Begin PBXTargetDependency section */
		D444BF9427A2F79D00D2071C /* PBXTargetDependency */ = {
			isa = PBXTargetDependency;
			target = D444BF7B27A2F79B00D2071C /* SampleCalci */;
			targetProxy = D444BF9327A2F79D00D2071C /* PBXContainerItemProxy */;
		};
		D444BF9E27A2F79D00D2071C /* PBXTargetDependency */ = {
			isa = PBXTargetDependency;
			target = D444BF7B27A2F79B00D2071C /* SampleCalci */;
			targetProxy = D444BF9D27A2F79D00D2071C /* PBXContainerItemProxy */;
		};
/* End PBXTargetDependency section */

/* Begin PBXVariantGroup section */
		D444BF8527A2F79B00D2071C /* Main.storyboard */ = {
			isa = PBXVariantGroup;
			children = (
				D444BF8627A2F79B00D2071C /* Base */,
			);
			name = Main.storyboard;
			sourceTree = "<group>";
		};
		D444BF8A27A2F79C00D2071C /* LaunchScreen.storyboard */ = {
			isa = PBXVariantGroup;
			children = (
				D444BF8B27A2F79C00D2071C /* Base */,
			);
			name = LaunchScreen.storyboard;
			sourceTree = "<group>";
		};
/* End PBXVariantGroup section */

/* Begin XCBuildConfiguration section */
		D444BFA427A2F79D00D2071C /* Debug */ = {
			isa = XCBuildConfiguration;
			buildSettings = {
				ALWAYS_SEARCH_USER_PATHS = NO;
				CLANG_ANALYZER_NONNULL = YES;
				CLANG_ANALYZER_NUMBER_OBJECT_CONVERSION = YES_AGGRESSIVE;
				CLANG_CXX_LANGUAGE_STANDARD = "gnu++17";
				CLANG_CXX_LIBRARY = "libc++";
				CLANG_ENABLE_MODULES = YES;
				CLANG_ENABLE_OBJC_ARC = YES;
				CLANG_ENABLE_OBJC_WEAK = YES;
				CLANG_WARN_BLOCK_CAPTURE_AUTORELEASING = YES;
				CLANG_WARN_BOOL_CONVERSION = YES;
				CLANG_WARN_COMMA = YES;
				CLANG_WARN_CONSTANT_CONVERSION = YES;
				CLANG_WARN_DEPRECATED_OBJC_IMPLEMENTATIONS = YES;
				CLANG_WARN_DIRECT_OBJC_ISA_USAGE = YES_ERROR;
				CLANG_WARN_DOCUMENTATION_COMMENTS = YES;
				CLANG_WARN_EMPTY_BODY = YES;
				CLANG_WARN_ENUM_CONVERSION = YES;
				CLANG_WARN_INFINITE_RECURSION = YES;
				CLANG_WARN_INT_CONVERSION = YES;
				CLANG_WARN_NON_LITERAL_NULL_CONVERSION = YES;
				CLANG_WARN_OBJC_IMPLICIT_RETAIN_SELF = YES;
				CLANG_WARN_OBJC_LITERAL_CONVERSION = YES;
				CLANG_WARN_OBJC_ROOT_CLASS = YES_ERROR;
				CLANG_WARN_QUOTED_INCLUDE_IN_FRAMEWORK_HEADER = YES;
				CLANG_WARN_RANGE_LOOP_ANALYSIS = YES;
				CLANG_WARN_STRICT_PROTOTYPES = YES;
				CLANG_WARN_SUSPICIOUS_MOVE = YES;
				CLANG_WARN_UNGUARDED_AVAILABILITY = YES_AGGRESSIVE;
				CLANG_WARN_UNREACHABLE_CODE = YES;
				CLANG_WARN__DUPLICATE_METHOD_MATCH = YES;
				COPY_PHASE_STRIP = NO;
				DEBUG_INFORMATION_FORMAT = dwarf;
				ENABLE_STRICT_OBJC_MSGSEND = YES;
				ENABLE_TESTABILITY = YES;
				GCC_C_LANGUAGE_STANDARD = gnu11;
				GCC_DYNAMIC_NO_PIC = NO;
				GCC_NO_COMMON_BLOCKS = YES;
				GCC_OPTIMIZATION_LEVEL = 0;
				GCC_PREPROCESSOR_DEFINITIONS = (
					"DEBUG=1",
					"$(inherited)",
				);
				GCC_WARN_64_TO_32_BIT_CONVERSION = YES;
				GCC_WARN_ABOUT_RETURN_TYPE = YES_ERROR;
				GCC_WARN_UNDECLARED_SELECTOR = YES;
				GCC_WARN_UNINITIALIZED_AUTOS = YES_AGGRESSIVE;
				GCC_WARN_UNUSED_FUNCTION = YES;
				GCC_WARN_UNUSED_VARIABLE = YES;
				IPHONEOS_DEPLOYMENT_TARGET = 15.2;
				MTL_ENABLE_DEBUG_INFO = INCLUDE_SOURCE;
				MTL_FAST_MATH = YES;
				ONLY_ACTIVE_ARCH = YES;
				SDKROOT = iphoneos;
				SWIFT_ACTIVE_COMPILATION_CONDITIONS = DEBUG;
				SWIFT_OPTIMIZATION_LEVEL = "-Onone";
			};
			name = Debug;
		};
		D444BFA527A2F79D00D2071C /* Release */ = {
			isa = XCBuildConfiguration;
			buildSettings = {
				ALWAYS_SEARCH_USER_PATHS = NO;
				CLANG_ANALYZER_NONNULL = YES;
				CLANG_ANALYZER_NUMBER_OBJECT_CONVERSION = YES_AGGRESSIVE;
				CLANG_CXX_LANGUAGE_STANDARD = "gnu++17";
				CLANG_CXX_LIBRARY = "libc++";
				CLANG_ENABLE_MODULES = YES;
				CLANG_ENABLE_OBJC_ARC = YES;
				CLANG_ENABLE_OBJC_WEAK = YES;
				CLANG_WARN_BLOCK_CAPTURE_AUTORELEASING = YES;
				CLANG_WARN_BOOL_CONVERSION = YES;
				CLANG_WARN_COMMA = YES;
				CLANG_WARN_CONSTANT_CONVERSION = YES;
				CLANG_WARN_DEPRECATED_OBJC_IMPLEMENTATIONS = YES;
				CLANG_WARN_DIRECT_OBJC_ISA_USAGE = YES_ERROR;
				CLANG_WARN_DOCUMENTATION_COMMENTS = YES;
				CLANG_WARN_EMPTY_BODY = YES;
				CLANG_WARN_ENUM_CONVERSION = YES;
				CLANG_WARN_INFINITE_RECURSION = YES;
				CLANG_WARN_INT_CONVERSION = YES;
				CLANG_WARN_NON_LITERAL_NULL_CONVERSION = YES;
				CLANG_WARN_OBJC_IMPLICIT_RETAIN_SELF = YES;
				CLANG_WARN_OBJC_LITERAL_CONVERSION = YES;
				CLANG_WARN_OBJC_ROOT_CLASS = YES_ERROR;
				CLANG_WARN_QUOTED_INCLUDE_IN_FRAMEWORK_HEADER = YES;
				CLANG_WARN_RANGE_LOOP_ANALYSIS = YES;
				CLANG_WARN_STRICT_PROTOTYPES = YES;
				CLANG_WARN_SUSPICIOUS_MOVE = YES;
				CLANG_WARN_UNGUARDED_AVAILABILITY = YES_AGGRESSIVE;
				CLANG_WARN_UNREACHABLE_CODE = YES;
				CLANG_WARN__DUPLICATE_METHOD_MATCH = YES;
				COPY_PHASE_STRIP = NO;
				DEBUG_INFORMATION_FORMAT = "dwarf-with-dsym";
				ENABLE_NS_ASSERTIONS = NO;
				ENABLE_STRICT_OBJC_MSGSEND = YES;
				GCC_C_LANGUAGE_STANDARD = gnu11;
				GCC_NO_COMMON_BLOCKS = YES;
				GCC_WARN_64_TO_32_BIT_CONVERSION = YES;
				GCC_WARN_ABOUT_RETURN_TYPE = YES_ERROR;
				GCC_WARN_UNDECLARED_SELECTOR = YES;
				GCC_WARN_UNINITIALIZED_AUTOS = YES_AGGRESSIVE;
				GCC_WARN_UNUSED_FUNCTION = YES;
				GCC_WARN_UNUSED_VARIABLE = YES;
				IPHONEOS_DEPLOYMENT_TARGET = 15.2;
				MTL_ENABLE_DEBUG_INFO = NO;
				MTL_FAST_MATH = YES;
				SDKROOT = iphoneos;
				SWIFT_COMPILATION_MODE = wholemodule;
				SWIFT_OPTIMIZATION_LEVEL = "-O";
				VALIDATE_PRODUCT = YES;
			};
			name = Release;
		};
		D444BFA727A2F79D00D2071C /* Debug */ = {
			isa = XCBuildConfiguration;
			buildSettings = {
				ASSETCATALOG_COMPILER_APPICON_NAME = AppIcon;
				ASSETCATALOG_COMPILER_GLOBAL_ACCENT_COLOR_NAME = AccentColor;
				CODE_SIGN_STYLE = Automatic;
				CURRENT_PROJECT_VERSION = 1;
				GENERATE_INFOPLIST_FILE = YES;
				INFOPLIST_FILE = SampleCalci/Info.plist;
				INFOPLIST_KEY_CFBundleDisplayName = SampleCalci;
				INFOPLIST_KEY_UIApplicationSupportsIndirectInputEvents = YES;
				INFOPLIST_KEY_UILaunchStoryboardName = LaunchScreen;
				INFOPLIST_KEY_UIMainStoryboardFile = Main;
				INFOPLIST_KEY_UISupportedInterfaceOrientations_iPad = "UIInterfaceOrientationPortrait UIInterfaceOrientationPortraitUpsideDown UIInterfaceOrientationLandscapeLeft UIInterfaceOrientationLandscapeRight";
				INFOPLIST_KEY_UISupportedInterfaceOrientations_iPhone = "UIInterfaceOrientationPortrait UIInterfaceOrientationLandscapeLeft UIInterfaceOrientationLandscapeRight";
				LD_RUNPATH_SEARCH_PATHS = (
					"$(inherited)",
					"@executable_path/Frameworks",
				);
				MARKETING_VERSION = 1.0;
				PRODUCT_BUNDLE_IDENTIFIER = NWMSU.SampleCalci;
				PRODUCT_NAME = "$(TARGET_NAME)";
				SWIFT_EMIT_LOC_STRINGS = YES;
				SWIFT_VERSION = 5.0;
				TARGETED_DEVICE_FAMILY = "1,2";
			};
			name = Debug;
		};
		D444BFA827A2F79D00D2071C /* Release */ = {
			isa = XCBuildConfiguration;
			buildSettings = {
				ASSETCATALOG_COMPILER_APPICON_NAME = AppIcon;
				ASSETCATALOG_COMPILER_GLOBAL_ACCENT_COLOR_NAME = AccentColor;
				CODE_SIGN_STYLE = Automatic;
				CURRENT_PROJECT_VERSION = 1;
				GENERATE_INFOPLIST_FILE = YES;
				INFOPLIST_FILE = SampleCalci/Info.plist;
				INFOPLIST_KEY_CFBundleDisplayName = SampleCalci;
				INFOPLIST_KEY_UIApplicationSupportsIndirectInputEvents = YES;
				INFOPLIST_KEY_UILaunchStoryboardName = LaunchScreen;
				INFOPLIST_KEY_UIMainStoryboardFile = Main;
				INFOPLIST_KEY_UISupportedInterfaceOrientations_iPad = "UIInterfaceOrientationPortrait UIInterfaceOrientationPortraitUpsideDown UIInterfaceOrientationLandscapeLeft UIInterfaceOrientationLandscapeRight";
				INFOPLIST_KEY_UISupportedInterfaceOrientations_iPhone = "UIInterfaceOrientationPortrait UIInterfaceOrientationLandscapeLeft UIInterfaceOrientationLandscapeRight";
				LD_RUNPATH_SEARCH_PATHS = (
					"$(inherited)",
					"@executable_path/Frameworks",
				);
				MARKETING_VERSION = 1.0;
				PRODUCT_BUNDLE_IDENTIFIER = NWMSU.SampleCalci;
				PRODUCT_NAME = "$(TARGET_NAME)";
				SWIFT_EMIT_LOC_STRINGS = YES;
				SWIFT_VERSION = 5.0;
				TARGETED_DEVICE_FAMILY = "1,2";
			};
			name = Release;
		};
		D444BFAA27A2F79D00D2071C /* Debug */ = {
			isa = XCBuildConfiguration;
			buildSettings = {
				ALWAYS_EMBED_SWIFT_STANDARD_LIBRARIES = YES;
				BUNDLE_LOADER = "$(TEST_HOST)";
				CODE_SIGN_STYLE = Automatic;
				CURRENT_PROJECT_VERSION = 1;
				GENERATE_INFOPLIST_FILE = YES;
				IPHONEOS_DEPLOYMENT_TARGET = 15.2;
				MARKETING_VERSION = 1.0;
				PRODUCT_BUNDLE_IDENTIFIER = NWMSU.SampleCalciTests;
				PRODUCT_NAME = "$(TARGET_NAME)";
				SWIFT_EMIT_LOC_STRINGS = NO;
				SWIFT_VERSION = 5.0;
				TARGETED_DEVICE_FAMILY = "1,2";
				TEST_HOST = "$(BUILT_PRODUCTS_DIR)/SampleCalci.app/SampleCalci";
			};
			name = Debug;
		};
		D444BFAB27A2F79D00D2071C /* Release */ = {
			isa = XCBuildConfiguration;
			buildSettings = {
				ALWAYS_EMBED_SWIFT_STANDARD_LIBRARIES = YES;
				BUNDLE_LOADER = "$(TEST_HOST)";
				CODE_SIGN_STYLE = Automatic;
				CURRENT_PROJECT_VERSION = 1;
				GENERATE_INFOPLIST_FILE = YES;
				IPHONEOS_DEPLOYMENT_TARGET = 15.2;
				MARKETING_VERSION = 1.0;
				PRODUCT_BUNDLE_IDENTIFIER = NWMSU.SampleCalciTests;
				PRODUCT_NAME = "$(TARGET_NAME)";
				SWIFT_EMIT_LOC_STRINGS = NO;
				SWIFT_VERSION = 5.0;
				TARGETED_DEVICE_FAMILY = "1,2";
				TEST_HOST = "$(BUILT_PRODUCTS_DIR)/SampleCalci.app/SampleCalci";
			};
			name = Release;
		};
		D444BFAD27A2F79D00D2071C /* Debug */ = {
			isa = XCBuildConfiguration;
			buildSettings = {
				ALWAYS_EMBED_SWIFT_STANDARD_LIBRARIES = YES;
				CODE_SIGN_STYLE = Automatic;
				CURRENT_PROJECT_VERSION = 1;
				GENERATE_INFOPLIST_FILE = YES;
				MARKETING_VERSION = 1.0;
				PRODUCT_BUNDLE_IDENTIFIER = NWMSU.SampleCalciUITests;
				PRODUCT_NAME = "$(TARGET_NAME)";
				SWIFT_EMIT_LOC_STRINGS = NO;
				SWIFT_VERSION = 5.0;
				TARGETED_DEVICE_FAMILY = "1,2";
				TEST_TARGET_NAME = SampleCalci;
			};
			name = Debug;
		};
		D444BFAE27A2F79D00D2071C /* Release */ = {
			isa = XCBuildConfiguration;
			buildSettings = {
				ALWAYS_EMBED_SWIFT_STANDARD_LIBRARIES = YES;
				CODE_SIGN_STYLE = Automatic;
				CURRENT_PROJECT_VERSION = 1;
				GENERATE_INFOPLIST_FILE = YES;
				MARKETING_VERSION = 1.0;
				PRODUCT_BUNDLE_IDENTIFIER = NWMSU.SampleCalciUITests;
				PRODUCT_NAME = "$(TARGET_NAME)";
				SWIFT_EMIT_LOC_STRINGS = NO;
				SWIFT_VERSION = 5.0;
				TARGETED_DEVICE_FAMILY = "1,2";
				TEST_TARGET_NAME = SampleCalci;
			};
			name = Release;
		};
/* End XCBuildConfiguration section */

/* Begin XCConfigurationList section */
		D444BF7727A2F79B00D2071C /* Build configuration list for PBXProject "SampleCalci" */ = {
			isa = XCConfigurationList;
			buildConfigurations = (
				D444BFA427A2F79D00D2071C /* Debug */,
				D444BFA527A2F79D00D2071C /* Release */,
			);
			defaultConfigurationIsVisible = 0;
			defaultConfigurationName = Release;
		};
		D444BFA627A2F79D00D2071C /* Build configuration list for PBXNativeTarget "SampleCalci" */ = {
			isa = XCConfigurationList;
			buildConfigurations = (
				D444BFA727A2F79D00D2071C /* Debug */,
				D444BFA827A2F79D00D2071C /* Release */,
			);
			defaultConfigurationIsVisible = 0;
			defaultConfigurationName = Release;
		};
		D444BFA927A2F79D00D2071C /* Build configuration list for PBXNativeTarget "SampleCalciTests" */ = {
			isa = XCConfigurationList;
			buildConfigurations = (
				D444BFAA27A2F79D00D2071C /* Debug */,
				D444BFAB27A2F79D00D2071C /* Release */,
			);
			defaultConfigurationIsVisible = 0;
			defaultConfigurationName = Release;
		};
		D444BFAC27A2F79D00D2071C /* Build configuration list for PBXNativeTarget "SampleCalciUITests" */ = {
			isa = XCConfigurationList;
			buildConfigurations = (
				D444BFAD27A2F79D00D2071C /* Debug */,
				D444BFAE27A2F79D00D2071C /* Release */,
			);
			defaultConfigurationIsVisible = 0;
			defaultConfigurationName = Release;
		};
/* End XCConfigurationList section */
	};
	rootObject = D444BF7427A2F79B00D2071C /* Project object */;
}
