// !$*UTF8*$!
{
	archiveVersion = 1;
	classes = {
	};
	objectVersion = 55;
	objects = {

/* Begin PBXBuildFile section */
		D4D32A4D27B5695500DD6943 /* AppDelegate.swift in Sources */ = {isa = PBXBuildFile; fileRef = D4D32A4C27B5695500DD6943 /* AppDelegate.swift */; };
		D4D32A4F27B5695500DD6943 /* SceneDelegate.swift in Sources */ = {isa = PBXBuildFile; fileRef = D4D32A4E27B5695500DD6943 /* SceneDelegate.swift */; };
		D4D32A5127B5695500DD6943 /* ViewController.swift in Sources */ = {isa = PBXBuildFile; fileRef = D4D32A5027B5695500DD6943 /* ViewController.swift */; };
		D4D32A5427B5695500DD6943 /* Main.storyboard in Resources */ = {isa = PBXBuildFile; fileRef = D4D32A5227B5695500DD6943 /* Main.storyboard */; };
		D4D32A5627B5695600DD6943 /* Assets.xcassets in Resources */ = {isa = PBXBuildFile; fileRef = D4D32A5527B5695600DD6943 /* Assets.xcassets */; };
		D4D32A5927B5695600DD6943 /* LaunchScreen.storyboard in Resources */ = {isa = PBXBuildFile; fileRef = D4D32A5727B5695600DD6943 /* LaunchScreen.storyboard */; };
		D4D32A6427B5695600DD6943 /* CourseDisplayAppTests.swift in Sources */ = {isa = PBXBuildFile; fileRef = D4D32A6327B5695600DD6943 /* CourseDisplayAppTests.swift */; };
		D4D32A6E27B5695600DD6943 /* CourseDisplayAppUITests.swift in Sources */ = {isa = PBXBuildFile; fileRef = D4D32A6D27B5695600DD6943 /* CourseDisplayAppUITests.swift */; };
		D4D32A7027B5695600DD6943 /* CourseDisplayAppUITestsLaunchTests.swift in Sources */ = {isa = PBXBuildFile; fileRef = D4D32A6F27B5695600DD6943 /* CourseDisplayAppUITestsLaunchTests.swift */; };
/* End PBXBuildFile section */

/* Begin PBXContainerItemProxy section */
		D4D32A6027B5695600DD6943 /* PBXContainerItemProxy */ = {
			isa = PBXContainerItemProxy;
			containerPortal = D4D32A4127B5695500DD6943 /* Project object */;
			proxyType = 1;
			remoteGlobalIDString = D4D32A4827B5695500DD6943;
			remoteInfo = CourseDisplayApp;
		};
		D4D32A6A27B5695600DD6943 /* PBXContainerItemProxy */ = {
			isa = PBXContainerItemProxy;
			containerPortal = D4D32A4127B5695500DD6943 /* Project object */;
			proxyType = 1;
			remoteGlobalIDString = D4D32A4827B5695500DD6943;
			remoteInfo = CourseDisplayApp;
		};
/* End PBXContainerItemProxy section */

/* Begin PBXFileReference section */
		D4D32A4927B5695500DD6943 /* CourseDisplayApp.app */ = {isa = PBXFileReference; explicitFileType = wrapper.application; includeInIndex = 0; path = CourseDisplayApp.app; sourceTree = BUILT_PRODUCTS_DIR; };
		D4D32A4C27B5695500DD6943 /* AppDelegate.swift */ = {isa = PBXFileReference; lastKnownFileType = sourcecode.swift; path = AppDelegate.swift; sourceTree = "<group>"; };
		D4D32A4E27B5695500DD6943 /* SceneDelegate.swift */ = {isa = PBXFileReference; lastKnownFileType = sourcecode.swift; path = SceneDelegate.swift; sourceTree = "<group>"; };
		D4D32A5027B5695500DD6943 /* ViewController.swift */ = {isa = PBXFileReference; lastKnownFileType = sourcecode.swift; path = ViewController.swift; sourceTree = "<group>"; };
		D4D32A5327B5695500DD6943 /* Base */ = {isa = PBXFileReference; lastKnownFileType = file.storyboard; name = Base; path = Base.lproj/Main.storyboard; sourceTree = "<group>"; };
		D4D32A5527B5695600DD6943 /* Assets.xcassets */ = {isa = PBXFileReference; lastKnownFileType = folder.assetcatalog; path = Assets.xcassets; sourceTree = "<group>"; };
		D4D32A5827B5695600DD6943 /* Base */ = {isa = PBXFileReference; lastKnownFileType = file.storyboard; name = Base; path = Base.lproj/LaunchScreen.storyboard; sourceTree = "<group>"; };
		D4D32A5A27B5695600DD6943 /* Info.plist */ = {isa = PBXFileReference; lastKnownFileType = text.plist.xml; path = Info.plist; sourceTree = "<group>"; };
		D4D32A5F27B5695600DD6943 /* CourseDisplayAppTests.xctest */ = {isa = PBXFileReference; explicitFileType = wrapper.cfbundle; includeInIndex = 0; path = CourseDisplayAppTests.xctest; sourceTree = BUILT_PRODUCTS_DIR; };
		D4D32A6327B5695600DD6943 /* CourseDisplayAppTests.swift */ = {isa = PBXFileReference; lastKnownFileType = sourcecode.swift; path = CourseDisplayAppTests.swift; sourceTree = "<group>"; };
		D4D32A6927B5695600DD6943 /* CourseDisplayAppUITests.xctest */ = {isa = PBXFileReference; explicitFileType = wrapper.cfbundle; includeInIndex = 0; path = CourseDisplayAppUITests.xctest; sourceTree = BUILT_PRODUCTS_DIR; };
		D4D32A6D27B5695600DD6943 /* CourseDisplayAppUITests.swift */ = {isa = PBXFileReference; lastKnownFileType = sourcecode.swift; path = CourseDisplayAppUITests.swift; sourceTree = "<group>"; };
		D4D32A6F27B5695600DD6943 /* CourseDisplayAppUITestsLaunchTests.swift */ = {isa = PBXFileReference; lastKnownFileType = sourcecode.swift; path = CourseDisplayAppUITestsLaunchTests.swift; sourceTree = "<group>"; };
/* End PBXFileReference section */

/* Begin PBXFrameworksBuildPhase section */
		D4D32A4627B5695500DD6943 /* Frameworks */ = {
			isa = PBXFrameworksBuildPhase;
			buildActionMask = 2147483647;
			files = (
			);
			runOnlyForDeploymentPostprocessing = 0;
		};
		D4D32A5C27B5695600DD6943 /* Frameworks */ = {
			isa = PBXFrameworksBuildPhase;
			buildActionMask = 2147483647;
			files = (
			);
			runOnlyForDeploymentPostprocessing = 0;
		};
		D4D32A6627B5695600DD6943 /* Frameworks */ = {
			isa = PBXFrameworksBuildPhase;
			buildActionMask = 2147483647;
			files = (
			);
			runOnlyForDeploymentPostprocessing = 0;
		};
/* End PBXFrameworksBuildPhase section */

/* Begin PBXGroup section */
		D4D32A4027B5695500DD6943 = {
			isa = PBXGroup;
			children = (
				D4D32A4B27B5695500DD6943 /* CourseDisplayApp */,
				D4D32A6227B5695600DD6943 /* CourseDisplayAppTests */,
				D4D32A6C27B5695600DD6943 /* CourseDisplayAppUITests */,
				D4D32A4A27B5695500DD6943 /* Products */,
			);
			sourceTree = "<group>";
		};
		D4D32A4A27B5695500DD6943 /* Products */ = {
			isa = PBXGroup;
			children = (
				D4D32A4927B5695500DD6943 /* CourseDisplayApp.app */,
				D4D32A5F27B5695600DD6943 /* CourseDisplayAppTests.xctest */,
				D4D32A6927B5695600DD6943 /* CourseDisplayAppUITests.xctest */,
			);
			name = Products;
			sourceTree = "<group>";
		};
		D4D32A4B27B5695500DD6943 /* CourseDisplayApp */ = {
			isa = PBXGroup;
			children = (
				D4D32A4C27B5695500DD6943 /* AppDelegate.swift */,
				D4D32A4E27B5695500DD6943 /* SceneDelegate.swift */,
				D4D32A5027B5695500DD6943 /* ViewController.swift */,
				D4D32A5227B5695500DD6943 /* Main.storyboard */,
				D4D32A5527B5695600DD6943 /* Assets.xcassets */,
				D4D32A5727B5695600DD6943 /* LaunchScreen.storyboard */,
				D4D32A5A27B5695600DD6943 /* Info.plist */,
			);
			path = CourseDisplayApp;
			sourceTree = "<group>";
		};
		D4D32A6227B5695600DD6943 /* CourseDisplayAppTests */ = {
			isa = PBXGroup;
			children = (
				D4D32A6327B5695600DD6943 /* CourseDisplayAppTests.swift */,
			);
			path = CourseDisplayAppTests;
			sourceTree = "<group>";
		};
		D4D32A6C27B5695600DD6943 /* CourseDisplayAppUITests */ = {
			isa = PBXGroup;
			children = (
				D4D32A6D27B5695600DD6943 /* CourseDisplayAppUITests.swift */,
				D4D32A6F27B5695600DD6943 /* CourseDisplayAppUITestsLaunchTests.swift */,
			);
			path = CourseDisplayAppUITests;
			sourceTree = "<group>";
		};
/* End PBXGroup section */

/* Begin PBXNativeTarget section */
		D4D32A4827B5695500DD6943 /* CourseDisplayApp */ = {
			isa = PBXNativeTarget;
			buildConfigurationList = D4D32A7327B5695600DD6943 /* Build configuration list for PBXNativeTarget "CourseDisplayApp" */;
			buildPhases = (
				D4D32A4527B5695500DD6943 /* Sources */,
				D4D32A4627B5695500DD6943 /* Frameworks */,
				D4D32A4727B5695500DD6943 /* Resources */,
			);
			buildRules = (
			);
			dependencies = (
			);
			name = CourseDisplayApp;
			productName = CourseDisplayApp;
			productReference = D4D32A4927B5695500DD6943 /* CourseDisplayApp.app */;
			productType = "com.apple.product-type.application";
		};
		D4D32A5E27B5695600DD6943 /* CourseDisplayAppTests */ = {
			isa = PBXNativeTarget;
			buildConfigurationList = D4D32A7627B5695600DD6943 /* Build configuration list for PBXNativeTarget "CourseDisplayAppTests" */;
			buildPhases = (
				D4D32A5B27B5695600DD6943 /* Sources */,
				D4D32A5C27B5695600DD6943 /* Frameworks */,
				D4D32A5D27B5695600DD6943 /* Resources */,
			);
			buildRules = (
			);
			dependencies = (
				D4D32A6127B5695600DD6943 /* PBXTargetDependency */,
			);
			name = CourseDisplayAppTests;
			productName = CourseDisplayAppTests;
			productReference = D4D32A5F27B5695600DD6943 /* CourseDisplayAppTests.xctest */;
			productType = "com.apple.product-type.bundle.unit-test";
		};
		D4D32A6827B5695600DD6943 /* CourseDisplayAppUITests */ = {
			isa = PBXNativeTarget;
			buildConfigurationList = D4D32A7927B5695600DD6943 /* Build configuration list for PBXNativeTarget "CourseDisplayAppUITests" */;
			buildPhases = (
				D4D32A6527B5695600DD6943 /* Sources */,
				D4D32A6627B5695600DD6943 /* Frameworks */,
				D4D32A6727B5695600DD6943 /* Resources */,
			);
			buildRules = (
			);
			dependencies = (
				D4D32A6B27B5695600DD6943 /* PBXTargetDependency */,
			);
			name = CourseDisplayAppUITests;
			productName = CourseDisplayAppUITests;
			productReference = D4D32A6927B5695600DD6943 /* CourseDisplayAppUITests.xctest */;
			productType = "com.apple.product-type.bundle.ui-testing";
		};
/* End PBXNativeTarget section */

/* Begin PBXProject section */
		D4D32A4127B5695500DD6943 /* Project object */ = {
			isa = PBXProject;
			attributes = {
				BuildIndependentTargetsInParallel = 1;
				LastSwiftUpdateCheck = 1320;
				LastUpgradeCheck = 1320;
				TargetAttributes = {
					D4D32A4827B5695500DD6943 = {
						CreatedOnToolsVersion = 13.2.1;
					};
					D4D32A5E27B5695600DD6943 = {
						CreatedOnToolsVersion = 13.2.1;
						TestTargetID = D4D32A4827B5695500DD6943;
					};
					D4D32A6827B5695600DD6943 = {
						CreatedOnToolsVersion = 13.2.1;
						TestTargetID = D4D32A4827B5695500DD6943;
					};
				};
			};
			buildConfigurationList = D4D32A4427B5695500DD6943 /* Build configuration list for PBXProject "CourseDisplayApp" */;
			compatibilityVersion = "Xcode 13.0";
			developmentRegion = en;
			hasScannedForEncodings = 0;
			knownRegions = (
				en,
				Base,
			);
			mainGroup = D4D32A4027B5695500DD6943;
			productRefGroup = D4D32A4A27B5695500DD6943 /* Products */;
			projectDirPath = "";
			projectRoot = "";
			targets = (
				D4D32A4827B5695500DD6943 /* CourseDisplayApp */,
				D4D32A5E27B5695600DD6943 /* CourseDisplayAppTests */,
				D4D32A6827B5695600DD6943 /* CourseDisplayAppUITests */,
			);
		};
/* End PBXProject section */

/* Begin PBXResourcesBuildPhase section */
		D4D32A4727B5695500DD6943 /* Resources */ = {
			isa = PBXResourcesBuildPhase;
			buildActionMask = 2147483647;
			files = (
				D4D32A5927B5695600DD6943 /* LaunchScreen.storyboard in Resources */,
				D4D32A5627B5695600DD6943 /* Assets.xcassets in Resources */,
				D4D32A5427B5695500DD6943 /* Main.storyboard in Resources */,
			);
			runOnlyForDeploymentPostprocessing = 0;
		};
		D4D32A5D27B5695600DD6943 /* Resources */ = {
			isa = PBXResourcesBuildPhase;
			buildActionMask = 2147483647;
			files = (
			);
			runOnlyForDeploymentPostprocessing = 0;
		};
		D4D32A6727B5695600DD6943 /* Resources */ = {
			isa = PBXResourcesBuildPhase;
			buildActionMask = 2147483647;
			files = (
			);
			runOnlyForDeploymentPostprocessing = 0;
		};
/* End PBXResourcesBuildPhase section */

/* Begin PBXSourcesBuildPhase section */
		D4D32A4527B5695500DD6943 /* Sources */ = {
			isa = PBXSourcesBuildPhase;
			buildActionMask = 2147483647;
			files = (
				D4D32A5127B5695500DD6943 /* ViewController.swift in Sources */,
				D4D32A4D27B5695500DD6943 /* AppDelegate.swift in Sources */,
				D4D32A4F27B5695500DD6943 /* SceneDelegate.swift in Sources */,
			);
			runOnlyForDeploymentPostprocessing = 0;
		};
		D4D32A5B27B5695600DD6943 /* Sources */ = {
			isa = PBXSourcesBuildPhase;
			buildActionMask = 2147483647;
			files = (
				D4D32A6427B5695600DD6943 /* CourseDisplayAppTests.swift in Sources */,
			);
			runOnlyForDeploymentPostprocessing = 0;
		};
		D4D32A6527B5695600DD6943 /* Sources */ = {
			isa = PBXSourcesBuildPhase;
			buildActionMask = 2147483647;
			files = (
				D4D32A7027B5695600DD6943 /* CourseDisplayAppUITestsLaunchTests.swift in Sources */,
				D4D32A6E27B5695600DD6943 /* CourseDisplayAppUITests.swift in Sources */,
			);
			runOnlyForDeploymentPostprocessing = 0;
		};
/* End PBXSourcesBuildPhase section */

/* Begin PBXTargetDependency section */
		D4D32A6127B5695600DD6943 /* PBXTargetDependency */ = {
			isa = PBXTargetDependency;
			target = D4D32A4827B5695500DD6943 /* CourseDisplayApp */;
			targetProxy = D4D32A6027B5695600DD6943 /* PBXContainerItemProxy */;
		};
		D4D32A6B27B5695600DD6943 /* PBXTargetDependency */ = {
			isa = PBXTargetDependency;
			target = D4D32A4827B5695500DD6943 /* CourseDisplayApp */;
			targetProxy = D4D32A6A27B5695600DD6943 /* PBXContainerItemProxy */;
		};
/* End PBXTargetDependency section */

/* Begin PBXVariantGroup section */
		D4D32A5227B5695500DD6943 /* Main.storyboard */ = {
			isa = PBXVariantGroup;
			children = (
				D4D32A5327B5695500DD6943 /* Base */,
			);
			name = Main.storyboard;
			sourceTree = "<group>";
		};
		D4D32A5727B5695600DD6943 /* LaunchScreen.storyboard */ = {
			isa = PBXVariantGroup;
			children = (
				D4D32A5827B5695600DD6943 /* Base */,
			);
			name = LaunchScreen.storyboard;
			sourceTree = "<group>";
		};
/* End PBXVariantGroup section */

/* Begin XCBuildConfiguration section */
		D4D32A7127B5695600DD6943 /* Debug */ = {
			isa = XCBuildConfiguration;
			buildSettings = {
				ALWAYS_SEARCH_USER_PATHS = NO;
				CLANG_ANALYZER_NONNULL = YES;
				CLANG_ANALYZER_NUMBER_OBJECT_CONVERSION = YES_AGGRESSIVE;
				CLANG_CXX_LANGUAGE_STANDARD = "gnu++17";
				CLANG_CXX_LIBRARY = "libc++";
				CLANG_ENABLE_MODULES = YES;
				CLANG_ENABLE_OBJC_ARC = YES;
				CLANG_ENABLE_OBJC_WEAK = YES;
				CLANG_WARN_BLOCK_CAPTURE_AUTORELEASING = YES;
				CLANG_WARN_BOOL_CONVERSION = YES;
				CLANG_WARN_COMMA = YES;
				CLANG_WARN_CONSTANT_CONVERSION = YES;
				CLANG_WARN_DEPRECATED_OBJC_IMPLEMENTATIONS = YES;
				CLANG_WARN_DIRECT_OBJC_ISA_USAGE = YES_ERROR;
				CLANG_WARN_DOCUMENTATION_COMMENTS = YES;
				CLANG_WARN_EMPTY_BODY = YES;
				CLANG_WARN_ENUM_CONVERSION = YES;
				CLANG_WARN_INFINITE_RECURSION = YES;
				CLANG_WARN_INT_CONVERSION = YES;
				CLANG_WARN_NON_LITERAL_NULL_CONVERSION = YES;
				CLANG_WARN_OBJC_IMPLICIT_RETAIN_SELF = YES;
				CLANG_WARN_OBJC_LITERAL_CONVERSION = YES;
				CLANG_WARN_OBJC_ROOT_CLASS = YES_ERROR;
				CLANG_WARN_QUOTED_INCLUDE_IN_FRAMEWORK_HEADER = YES;
				CLANG_WARN_RANGE_LOOP_ANALYSIS = YES;
				CLANG_WARN_STRICT_PROTOTYPES = YES;
				CLANG_WARN_SUSPICIOUS_MOVE = YES;
				CLANG_WARN_UNGUARDED_AVAILABILITY = YES_AGGRESSIVE;
				CLANG_WARN_UNREACHABLE_CODE = YES;
				CLANG_WARN__DUPLICATE_METHOD_MATCH = YES;
				COPY_PHASE_STRIP = NO;
				DEBUG_INFORMATION_FORMAT = dwarf;
				ENABLE_STRICT_OBJC_MSGSEND = YES;
				ENABLE_TESTABILITY = YES;
				GCC_C_LANGUAGE_STANDARD = gnu11;
				GCC_DYNAMIC_NO_PIC = NO;
				GCC_NO_COMMON_BLOCKS = YES;
				GCC_OPTIMIZATION_LEVEL = 0;
				GCC_PREPROCESSOR_DEFINITIONS = (
					"DEBUG=1",
					"$(inherited)",
				);
				GCC_WARN_64_TO_32_BIT_CONVERSION = YES;
				GCC_WARN_ABOUT_RETURN_TYPE = YES_ERROR;
				GCC_WARN_UNDECLARED_SELECTOR = YES;
				GCC_WARN_UNINITIALIZED_AUTOS = YES_AGGRESSIVE;
				GCC_WARN_UNUSED_FUNCTION = YES;
				GCC_WARN_UNUSED_VARIABLE = YES;
				IPHONEOS_DEPLOYMENT_TARGET = 15.2;
				MTL_ENABLE_DEBUG_INFO = INCLUDE_SOURCE;
				MTL_FAST_MATH = YES;
				ONLY_ACTIVE_ARCH = YES;
				SDKROOT = iphoneos;
				SWIFT_ACTIVE_COMPILATION_CONDITIONS = DEBUG;
				SWIFT_OPTIMIZATION_LEVEL = "-Onone";
			};
			name = Debug;
		};
		D4D32A7227B5695600DD6943 /* Release */ = {
			isa = XCBuildConfiguration;
			buildSettings = {
				ALWAYS_SEARCH_USER_PATHS = NO;
				CLANG_ANALYZER_NONNULL = YES;
				CLANG_ANALYZER_NUMBER_OBJECT_CONVERSION = YES_AGGRESSIVE;
				CLANG_CXX_LANGUAGE_STANDARD = "gnu++17";
				CLANG_CXX_LIBRARY = "libc++";
				CLANG_ENABLE_MODULES = YES;
				CLANG_ENABLE_OBJC_ARC = YES;
				CLANG_ENABLE_OBJC_WEAK = YES;
				CLANG_WARN_BLOCK_CAPTURE_AUTORELEASING = YES;
				CLANG_WARN_BOOL_CONVERSION = YES;
				CLANG_WARN_COMMA = YES;
				CLANG_WARN_CONSTANT_CONVERSION = YES;
				CLANG_WARN_DEPRECATED_OBJC_IMPLEMENTATIONS = YES;
				CLANG_WARN_DIRECT_OBJC_ISA_USAGE = YES_ERROR;
				CLANG_WARN_DOCUMENTATION_COMMENTS = YES;
				CLANG_WARN_EMPTY_BODY = YES;
				CLANG_WARN_ENUM_CONVERSION = YES;
				CLANG_WARN_INFINITE_RECURSION = YES;
				CLANG_WARN_INT_CONVERSION = YES;
				CLANG_WARN_NON_LITERAL_NULL_CONVERSION = YES;
				CLANG_WARN_OBJC_IMPLICIT_RETAIN_SELF = YES;
				CLANG_WARN_OBJC_LITERAL_CONVERSION = YES;
				CLANG_WARN_OBJC_ROOT_CLASS = YES_ERROR;
				CLANG_WARN_QUOTED_INCLUDE_IN_FRAMEWORK_HEADER = YES;
				CLANG_WARN_RANGE_LOOP_ANALYSIS = YES;
				CLANG_WARN_STRICT_PROTOTYPES = YES;
				CLANG_WARN_SUSPICIOUS_MOVE = YES;
				CLANG_WARN_UNGUARDED_AVAILABILITY = YES_AGGRESSIVE;
				CLANG_WARN_UNREACHABLE_CODE = YES;
				CLANG_WARN__DUPLICATE_METHOD_MATCH = YES;
				COPY_PHASE_STRIP = NO;
				DEBUG_INFORMATION_FORMAT = "dwarf-with-dsym";
				ENABLE_NS_ASSERTIONS = NO;
				ENABLE_STRICT_OBJC_MSGSEND = YES;
				GCC_C_LANGUAGE_STANDARD = gnu11;
				GCC_NO_COMMON_BLOCKS = YES;
				GCC_WARN_64_TO_32_BIT_CONVERSION = YES;
				GCC_WARN_ABOUT_RETURN_TYPE = YES_ERROR;
				GCC_WARN_UNDECLARED_SELECTOR = YES;
				GCC_WARN_UNINITIALIZED_AUTOS = YES_AGGRESSIVE;
				GCC_WARN_UNUSED_FUNCTION = YES;
				GCC_WARN_UNUSED_VARIABLE = YES;
				IPHONEOS_DEPLOYMENT_TARGET = 15.2;
				MTL_ENABLE_DEBUG_INFO = NO;
				MTL_FAST_MATH = YES;
				SDKROOT = iphoneos;
				SWIFT_COMPILATION_MODE = wholemodule;
				SWIFT_OPTIMIZATION_LEVEL = "-O";
				VALIDATE_PRODUCT = YES;
			};
			name = Release;
		};
		D4D32A7427B5695600DD6943 /* Debug */ = {
			isa = XCBuildConfiguration;
			buildSettings = {
				ASSETCATALOG_COMPILER_APPICON_NAME = AppIcon;
				ASSETCATALOG_COMPILER_GLOBAL_ACCENT_COLOR_NAME = AccentColor;
				CODE_SIGN_STYLE = Automatic;
				CURRENT_PROJECT_VERSION = 1;
				GENERATE_INFOPLIST_FILE = YES;
				INFOPLIST_FILE = CourseDisplayApp/Info.plist;
				INFOPLIST_KEY_CFBundleDisplayName = CourseDisplayApp;
				INFOPLIST_KEY_UIApplicationSupportsIndirectInputEvents = YES;
				INFOPLIST_KEY_UILaunchStoryboardName = LaunchScreen;
				INFOPLIST_KEY_UIMainStoryboardFile = Main;
				INFOPLIST_KEY_UISupportedInterfaceOrientations_iPad = "UIInterfaceOrientationPortrait UIInterfaceOrientationPortraitUpsideDown UIInterfaceOrientationLandscapeLeft UIInterfaceOrientationLandscapeRight";
				INFOPLIST_KEY_UISupportedInterfaceOrientations_iPhone = "UIInterfaceOrientationPortrait UIInterfaceOrientationLandscapeLeft UIInterfaceOrientationLandscapeRight";
				LD_RUNPATH_SEARCH_PATHS = (
					"$(inherited)",
					"@executable_path/Frameworks",
				);
				MARKETING_VERSION = 1.0;
				PRODUCT_BUNDLE_IDENTIFIER = nwmsu.CourseDisplayApp;
				PRODUCT_NAME = "$(TARGET_NAME)";
				SWIFT_EMIT_LOC_STRINGS = YES;
				SWIFT_VERSION = 5.0;
				TARGETED_DEVICE_FAMILY = "1,2";
			};
			name = Debug;
		};
		D4D32A7527B5695600DD6943 /* Release */ = {
			isa = XCBuildConfiguration;
			buildSettings = {
				ASSETCATALOG_COMPILER_APPICON_NAME = AppIcon;
				ASSETCATALOG_COMPILER_GLOBAL_ACCENT_COLOR_NAME = AccentColor;
				CODE_SIGN_STYLE = Automatic;
				CURRENT_PROJECT_VERSION = 1;
				GENERATE_INFOPLIST_FILE = YES;
				INFOPLIST_FILE = CourseDisplayApp/Info.plist;
				INFOPLIST_KEY_CFBundleDisplayName = CourseDisplayApp;
				INFOPLIST_KEY_UIApplicationSupportsIndirectInputEvents = YES;
				INFOPLIST_KEY_UILaunchStoryboardName = LaunchScreen;
				INFOPLIST_KEY_UIMainStoryboardFile = Main;
				INFOPLIST_KEY_UISupportedInterfaceOrientations_iPad = "UIInterfaceOrientationPortrait UIInterfaceOrientationPortraitUpsideDown UIInterfaceOrientationLandscapeLeft UIInterfaceOrientationLandscapeRight";
				INFOPLIST_KEY_UISupportedInterfaceOrientations_iPhone = "UIInterfaceOrientationPortrait UIInterfaceOrientationLandscapeLeft UIInterfaceOrientationLandscapeRight";
				LD_RUNPATH_SEARCH_PATHS = (
					"$(inherited)",
					"@executable_path/Frameworks",
				);
				MARKETING_VERSION = 1.0;
				PRODUCT_BUNDLE_IDENTIFIER = nwmsu.CourseDisplayApp;
				PRODUCT_NAME = "$(TARGET_NAME)";
				SWIFT_EMIT_LOC_STRINGS = YES;
				SWIFT_VERSION = 5.0;
				TARGETED_DEVICE_FAMILY = "1,2";
			};
			name = Release;
		};
		D4D32A7727B5695600DD6943 /* Debug */ = {
			isa = XCBuildConfiguration;
			buildSettings = {
				ALWAYS_EMBED_SWIFT_STANDARD_LIBRARIES = YES;
				BUNDLE_LOADER = "$(TEST_HOST)";
				CODE_SIGN_STYLE = Automatic;
				CURRENT_PROJECT_VERSION = 1;
				GENERATE_INFOPLIST_FILE = YES;
				IPHONEOS_DEPLOYMENT_TARGET = 15.2;
				MARKETING_VERSION = 1.0;
				PRODUCT_BUNDLE_IDENTIFIER = nwmsu.CourseDisplayAppTests;
				PRODUCT_NAME = "$(TARGET_NAME)";
				SWIFT_EMIT_LOC_STRINGS = NO;
				SWIFT_VERSION = 5.0;
				TARGETED_DEVICE_FAMILY = "1,2";
				TEST_HOST = "$(BUILT_PRODUCTS_DIR)/CourseDisplayApp.app/CourseDisplayApp";
			};
			name = Debug;
		};
		D4D32A7827B5695600DD6943 /* Release */ = {
			isa = XCBuildConfiguration;
			buildSettings = {
				ALWAYS_EMBED_SWIFT_STANDARD_LIBRARIES = YES;
				BUNDLE_LOADER = "$(TEST_HOST)";
				CODE_SIGN_STYLE = Automatic;
				CURRENT_PROJECT_VERSION = 1;
				GENERATE_INFOPLIST_FILE = YES;
				IPHONEOS_DEPLOYMENT_TARGET = 15.2;
				MARKETING_VERSION = 1.0;
				PRODUCT_BUNDLE_IDENTIFIER = nwmsu.CourseDisplayAppTests;
				PRODUCT_NAME = "$(TARGET_NAME)";
				SWIFT_EMIT_LOC_STRINGS = NO;
				SWIFT_VERSION = 5.0;
				TARGETED_DEVICE_FAMILY = "1,2";
				TEST_HOST = "$(BUILT_PRODUCTS_DIR)/CourseDisplayApp.app/CourseDisplayApp";
			};
			name = Release;
		};
		D4D32A7A27B5695600DD6943 /* Debug */ = {
			isa = XCBuildConfiguration;
			buildSettings = {
				ALWAYS_EMBED_SWIFT_STANDARD_LIBRARIES = YES;
				CODE_SIGN_STYLE = Automatic;
				CURRENT_PROJECT_VERSION = 1;
				GENERATE_INFOPLIST_FILE = YES;
				MARKETING_VERSION = 1.0;
				PRODUCT_BUNDLE_IDENTIFIER = nwmsu.CourseDisplayAppUITests;
				PRODUCT_NAME = "$(TARGET_NAME)";
				SWIFT_EMIT_LOC_STRINGS = NO;
				SWIFT_VERSION = 5.0;
				TARGETED_DEVICE_FAMILY = "1,2";
				TEST_TARGET_NAME = CourseDisplayApp;
			};
			name = Debug;
		};
		D4D32A7B27B5695600DD6943 /* Release */ = {
			isa = XCBuildConfiguration;
			buildSettings = {
				ALWAYS_EMBED_SWIFT_STANDARD_LIBRARIES = YES;
				CODE_SIGN_STYLE = Automatic;
				CURRENT_PROJECT_VERSION = 1;
				GENERATE_INFOPLIST_FILE = YES;
				MARKETING_VERSION = 1.0;
				PRODUCT_BUNDLE_IDENTIFIER = nwmsu.CourseDisplayAppUITests;
				PRODUCT_NAME = "$(TARGET_NAME)";
				SWIFT_EMIT_LOC_STRINGS = NO;
				SWIFT_VERSION = 5.0;
				TARGETED_DEVICE_FAMILY = "1,2";
				TEST_TARGET_NAME = CourseDisplayApp;
			};
			name = Release;
		};
/* End XCBuildConfiguration section */

/* Begin XCConfigurationList section */
		D4D32A4427B5695500DD6943 /* Build configuration list for PBXProject "CourseDisplayApp" */ = {
			isa = XCConfigurationList;
			buildConfigurations = (
				D4D32A7127B5695600DD6943 /* Debug */,
				D4D32A7227B5695600DD6943 /* Release */,
			);
			defaultConfigurationIsVisible = 0;
			defaultConfigurationName = Release;
		};
		D4D32A7327B5695600DD6943 /* Build configuration list for PBXNativeTarget "CourseDisplayApp" */ = {
			isa = XCConfigurationList;
			buildConfigurations = (
				D4D32A7427B5695600DD6943 /* Debug */,
				D4D32A7527B5695600DD6943 /* Release */,
			);
			defaultConfigurationIsVisible = 0;
			defaultConfigurationName = Release;
		};
		D4D32A7627B5695600DD6943 /* Build configuration list for PBXNativeTarget "CourseDisplayAppTests" */ = {
			isa = XCConfigurationList;
			buildConfigurations = (
				D4D32A7727B5695600DD6943 /* Debug */,
				D4D32A7827B5695600DD6943 /* Release */,
			);
			defaultConfigurationIsVisible = 0;
			defaultConfigurationName = Release;
		};
		D4D32A7927B5695600DD6943 /* Build configuration list for PBXNativeTarget "CourseDisplayAppUITests" */ = {
			isa = XCConfigurationList;
			buildConfigurations = (
				D4D32A7A27B5695600DD6943 /* Debug */,
				D4D32A7B27B5695600DD6943 /* Release */,
			);
			defaultConfigurationIsVisible = 0;
			defaultConfigurationName = Release;
		};
/* End XCConfigurationList section */
	};
	rootObject = D4D32A4127B5695500DD6943 /* Project object */;
}
